
Microsoft Visual Studio Solution File, Format Version 11.00
# Visual Studio 2010
Project("{FAE04EC0-301F-11D3-BF4B-00C04F79EFBC}") = "Nethereum", "Nethereum.csproj", "{aa3307e8-6f61-ec35-0e64-166e5eb4972a}"
EndProject
Project("{FAE04EC0-301F-11D3-BF4B-00C04F79EFBC}") = "Moralis.Web3UnitySdk", "Moralis.Web3UnitySdk.csproj", "{e4488744-c9dd-d7cb-6b70-268078861ecc}"
EndProject
Project("{FAE04EC0-301F-11D3-BF4B-00C04F79EFBC}") = "UniTask", "UniTask.csproj", "{116c2d9f-09d4-99e7-e947-aa8e440a3725}"
EndProject
Project("{FAE04EC0-301F-11D3-BF4B-00C04F79EFBC}") = "WalletConnectSharp.Unity", "WalletConnectSharp.Unity.csproj", "{e1d8d006-4867-a04e-85d9-eff1b1b769ad}"
EndProject
Project("{FAE04EC0-301F-11D3-BF4B-00C04F79EFBC}") = "GoogleMobileAds", "GoogleMobileAds.csproj", "{6292939a-2923-3cd3-77f7-24b590e639f2}"
EndProject
Project("{FAE04EC0-301F-11D3-BF4B-00C04F79EFBC}") = "UniTask.Linq", "UniTask.Linq.csproj", "{1dbce5af-2f64-4959-f57d-9fdd040e35c9}"
EndProject
Project("{FAE04EC0-301F-11D3-BF4B-00C04F79EFBC}") = "Assembly-CSharp", "Assembly-CSharp.csproj", "{a861596c-57e0-bde9-be80-1e97349c26cf}"
EndProject
Project("{FAE04EC0-301F-11D3-BF4B-00C04F79EFBC}") = "UniTask.DOTween", "UniTask.DOTween.csproj", "{6e2065e0-e851-49c0-88b8-0f142b6afa75}"
EndProject
Project("{FAE04EC0-301F-11D3-BF4B-00C04F79EFBC}") = "UniTask.TextMeshPro", "UniTask.TextMeshPro.csproj", "{3d35a389-936d-eac6-75ee-540e647aa648}"
EndProject
Project("{FAE04EC0-301F-11D3-BF4B-00C04F79EFBC}") = "endel.nativewebsocket", "endel.nativewebsocket.csproj", "{00d223e5-370a-1cad-9f23-504a48d77392}"
EndProject
Project("{FAE04EC0-301F-11D3-BF4B-00C04F79EFBC}") = "Assembly-CSharp-firstpass", "Assembly-CSharp-firstpass.csproj", "{f5a2b3ce-10f2-9dd6-f8ae-8e4338e48758}"
EndProject
Project("{FAE04EC0-301F-11D3-BF4B-00C04F79EFBC}") = "UniTask.Addressables", "UniTask.Addressables.csproj", "{63cffeab-1981-4798-9cfb-0b00f8682855}"
EndProject
Project("{FAE04EC0-301F-11D3-BF4B-00C04F79EFBC}") = "Moralis.Web3UnitySdk.Editor", "Moralis.Web3UnitySdk.Editor.csproj", "{9adf71e9-a31e-25dc-fc3e-cd676f5ae530}"
EndProject
Project("{FAE04EC0-301F-11D3-BF4B-00C04F79EFBC}") = "Assembly-CSharp-Editor-firstpass", "Assembly-CSharp-Editor-firstpass.csproj", "{4b78c292-bbca-03eb-4743-eb3081054b4c}"
EndProject
Project("{FAE04EC0-301F-11D3-BF4B-00C04F79EFBC}") = "Assembly-CSharp-Editor", "Assembly-CSharp-Editor.csproj", "{5e932cfd-59a9-3a85-0e33-5a903235ae56}"
EndProject
Project("{FAE04EC0-301F-11D3-BF4B-00C04F79EFBC}") = "UniTask.Editor", "UniTask.Editor.csproj", "{3dd5d8e0-ff57-1124-4d9f-b0b0d35defb5}"
EndProject
Project("{FAE04EC0-301F-11D3-BF4B-00C04F79EFBC}") = "GoogleMobileAds.Editor", "GoogleMobileAds.Editor.csproj", "{7ccae933-caf0-d81e-f57c-e7d3718854a8}"
EndProject
Global
	GlobalSection(SolutionConfigurationPlatforms) = preSolution
		Debug|Any CPU = Debug|Any CPU
		Release|Any CPU = Release|Any CPU
	EndGlobalSection
	GlobalSection(ProjectConfigurationPlatforms) = postSolution
		{aa3307e8-6f61-ec35-0e64-166e5eb4972a}.Debug|Any CPU.ActiveCfg = Debug|Any CPU
		{aa3307e8-6f61-ec35-0e64-166e5eb4972a}.Debug|Any CPU.Build.0 = Debug|Any CPU
		{aa3307e8-6f61-ec35-0e64-166e5eb4972a}.Release|Any CPU.ActiveCfg = Release|Any CPU
		{aa3307e8-6f61-ec35-0e64-166e5eb4972a}.Release|Any CPU.Build.0 = Release|Any CPU
		{e4488744-c9dd-d7cb-6b70-268078861ecc}.Debug|Any CPU.ActiveCfg = Debug|Any CPU
		{e4488744-c9dd-d7cb-6b70-268078861ecc}.Debug|Any CPU.Build.0 = Debug|Any CPU
		{e4488744-c9dd-d7cb-6b70-268078861ecc}.Release|Any CPU.ActiveCfg = Release|Any CPU
		{e4488744-c9dd-d7cb-6b70-268078861ecc}.Release|Any CPU.Build.0 = Release|Any CPU
		{116c2d9f-09d4-99e7-e947-aa8e440a3725}.Debug|Any CPU.ActiveCfg = Debug|Any CPU
		{116c2d9f-09d4-99e7-e947-aa8e440a3725}.Debug|Any CPU.Build.0 = Debug|Any CPU
		{116c2d9f-09d4-99e7-e947-aa8e440a3725}.Release|Any CPU.ActiveCfg = Release|Any CPU
		{116c2d9f-09d4-99e7-e947-aa8e440a3725}.Release|Any CPU.Build.0 = Release|Any CPU
		{e1d8d006-4867-a04e-85d9-eff1b1b769ad}.Debug|Any CPU.ActiveCfg = Debug|Any CPU
		{e1d8d006-4867-a04e-85d9-eff1b1b769ad}.Debug|Any CPU.Build.0 = Debug|Any CPU
		{e1d8d006-4867-a04e-85d9-eff1b1b769ad}.Release|Any CPU.ActiveCfg = Release|Any CPU
		{e1d8d006-4867-a04e-85d9-eff1b1b769ad}.Release|Any CPU.Build.0 = Release|Any CPU
		{6292939a-2923-3cd3-77f7-24b590e639f2}.Debug|Any CPU.ActiveCfg = Debug|Any CPU
		{6292939a-2923-3cd3-77f7-24b590e639f2}.Debug|Any CPU.Build.0 = Debug|Any CPU
		{6292939a-2923-3cd3-77f7-24b590e639f2}.Release|Any CPU.ActiveCfg = Release|Any CPU
		{6292939a-2923-3cd3-77f7-24b590e639f2}.Release|Any CPU.Build.0 = Release|Any CPU
		{1dbce5af-2f64-4959-f57d-9fdd040e35c9}.Debug|Any CPU.ActiveCfg = Debug|Any CPU
		{1dbce5af-2f64-4959-f57d-9fdd040e35c9}.Debug|Any CPU.Build.0 = Debug|Any CPU
		{1dbce5af-2f64-4959-f57d-9fdd040e35c9}.Release|Any CPU.ActiveCfg = Release|Any CPU
		{1dbce5af-2f64-4959-f57d-9fdd040e35c9}.Release|Any CPU.Build.0 = Release|Any CPU
		{a861596c-57e0-bde9-be80-1e97349c26cf}.Debug|Any CPU.ActiveCfg = Debug|Any CPU
		{a861596c-57e0-bde9-be80-1e97349c26cf}.Debug|Any CPU.Build.0 = Debug|Any CPU
		{a861596c-57e0-bde9-be80-1e97349c26cf}.Release|Any CPU.ActiveCfg = Release|Any CPU
		{a861596c-57e0-bde9-be80-1e97349c26cf}.Release|Any CPU.Build.0 = Release|Any CPU
		{6e2065e0-e851-49c0-88b8-0f142b6afa75}.Debug|Any CPU.ActiveCfg = Debug|Any CPU
		{6e2065e0-e851-49c0-88b8-0f142b6afa75}.Debug|Any CPU.Build.0 = Debug|Any CPU
		{6e2065e0-e851-49c0-88b8-0f142b6afa75}.Release|Any CPU.ActiveCfg = Release|Any CPU
		{6e2065e0-e851-49c0-88b8-0f142b6afa75}.Release|Any CPU.Build.0 = Release|Any CPU
		{3d35a389-936d-eac6-75ee-540e647aa648}.Debug|Any CPU.ActiveCfg = Debug|Any CPU
		{3d35a389-936d-eac6-75ee-540e647aa648}.Debug|Any CPU.Build.0 = Debug|Any CPU
		{3d35a389-936d-eac6-75ee-540e647aa648}.Release|Any CPU.ActiveCfg = Release|Any CPU
		{3d35a389-936d-eac6-75ee-540e647aa648}.Release|Any CPU.Build.0 = Release|Any CPU
		{00d223e5-370a-1cad-9f23-504a48d77392}.Debug|Any CPU.ActiveCfg = Debug|Any CPU
		{00d223e5-370a-1cad-9f23-504a48d77392}.Debug|Any CPU.Build.0 = Debug|Any CPU
		{00d223e5-370a-1cad-9f23-504a48d77392}.Release|Any CPU.ActiveCfg = Release|Any CPU
		{00d223e5-370a-1cad-9f23-504a48d77392}.Release|Any CPU.Build.0 = Release|Any CPU
		{f5a2b3ce-10f2-9dd6-f8ae-8e4338e48758}.Debug|Any CPU.ActiveCfg = Debug|Any CPU
		{f5a2b3ce-10f2-9dd6-f8ae-8e4338e48758}.Debug|Any CPU.Build.0 = Debug|Any CPU
		{f5a2b3ce-10f2-9dd6-f8ae-8e4338e48758}.Release|Any CPU.ActiveCfg = Release|Any CPU
		{f5a2b3ce-10f2-9dd6-f8ae-8e4338e48758}.Release|Any CPU.Build.0 = Release|Any CPU
		{63cffeab-1981-4798-9cfb-0b00f8682855}.Debug|Any CPU.ActiveCfg = Debug|Any CPU
		{63cffeab-1981-4798-9cfb-0b00f8682855}.Debug|Any CPU.Build.0 = Debug|Any CPU
		{63cffeab-1981-4798-9cfb-0b00f8682855}.Release|Any CPU.ActiveCfg = Release|Any CPU
		{63cffeab-1981-4798-9cfb-0b00f8682855}.Release|Any CPU.Build.0 = Release|Any CPU
		{9adf71e9-a31e-25dc-fc3e-cd676f5ae530}.Debug|Any CPU.ActiveCfg = Debug|Any CPU
		{9adf71e9-a31e-25dc-fc3e-cd676f5ae530}.Debug|Any CPU.Build.0 = Debug|Any CPU
		{9adf71e9-a31e-25dc-fc3e-cd676f5ae530}.Release|Any CPU.ActiveCfg = Release|Any CPU
		{9adf71e9-a31e-25dc-fc3e-cd676f5ae530}.Release|Any CPU.Build.0 = Release|Any CPU
		{4b78c292-bbca-03eb-4743-eb3081054b4c}.Debug|Any CPU.ActiveCfg = Debug|Any CPU
		{4b78c292-bbca-03eb-4743-eb3081054b4c}.Debug|Any CPU.Build.0 = Debug|Any CPU
		{4b78c292-bbca-03eb-4743-eb3081054b4c}.Release|Any CPU.ActiveCfg = Release|Any CPU
		{4b78c292-bbca-03eb-4743-eb3081054b4c}.Release|Any CPU.Build.0 = Release|Any CPU
		{5e932cfd-59a9-3a85-0e33-5a903235ae56}.Debug|Any CPU.ActiveCfg = Debug|Any CPU
		{5e932cfd-59a9-3a85-0e33-5a903235ae56}.Debug|Any CPU.Build.0 = Debug|Any CPU
		{5e932cfd-59a9-3a85-0e33-5a903235ae56}.Release|Any CPU.ActiveCfg = Release|Any CPU
		{5e932cfd-59a9-3a85-0e33-5a903235ae56}.Release|Any CPU.Build.0 = Release|Any CPU
		{3dd5d8e0-ff57-1124-4d9f-b0b0d35defb5}.Debug|Any CPU.ActiveCfg = Debug|Any CPU
		{3dd5d8e0-ff57-1124-4d9f-b0b0d35defb5}.Debug|Any CPU.Build.0 = Debug|Any CPU
		{3dd5d8e0-ff57-1124-4d9f-b0b0d35defb5}.Release|Any CPU.ActiveCfg = Release|Any CPU
		{3dd5d8e0-ff57-1124-4d9f-b0b0d35defb5}.Release|Any CPU.Build.0 = Release|Any CPU
		{7ccae933-caf0-d81e-f57c-e7d3718854a8}.Debug|Any CPU.ActiveCfg = Debug|Any CPU
		{7ccae933-caf0-d81e-f57c-e7d3718854a8}.Debug|Any CPU.Build.0 = Debug|Any CPU
		{7ccae933-caf0-d81e-f57c-e7d3718854a8}.Release|Any CPU.ActiveCfg = Release|Any CPU
		{7ccae933-caf0-d81e-f57c-e7d3718854a8}.Release|Any CPU.Build.0 = Release|Any CPU
	EndGlobalSection
	GlobalSection(SolutionProperties) = preSolution
		HideSolutionNode = FALSE
	EndGlobalSection
EndGlobal
