
Microsoft Visual Studio Solution File, Format Version 11.00
# Visual Studio 2010
Project("{FAE04EC0-301F-11D3-BF4B-00C04F79EFBC}") = "GoogleMobileAds", "GoogleMobileAds.csproj", "{6292939a-2923-3cd3-77f7-24b590e639f2}"
EndProject
Project("{FAE04EC0-301F-11D3-BF4B-00C04F79EFBC}") = "Assembly-CSharp", "Assembly-CSharp.csproj", "{a861596c-57e0-bde9-be80-1e97349c26cf}"
EndProject
Project("{FAE04EC0-301F-11D3-BF4B-00C04F79EFBC}") = "Assembly-CSharp-firstpass", "Assembly-CSharp-firstpass.csproj", "{f5a2b3ce-10f2-9dd6-f8ae-8e4338e48758}"
EndProject
Project("{FAE04EC0-301F-11D3-BF4B-00C04F79EFBC}") = "GoogleMobileAds.Editor", "GoogleMobileAds.Editor.csproj", "{7ccae933-caf0-d81e-f57c-e7d3718854a8}"
EndProject
Project("{FAE04EC0-301F-11D3-BF4B-00C04F79EFBC}") = "Assembly-CSharp-Editor-firstpass", "Assembly-CSharp-Editor-firstpass.csproj", "{4b78c292-bbca-03eb-4743-eb3081054b4c}"
EndProject
Project("{FAE04EC0-301F-11D3-BF4B-00C04F79EFBC}") = "Assembly-CSharp-Editor", "Assembly-CSharp-Editor.csproj", "{5e932cfd-59a9-3a85-0e33-5a903235ae56}"
EndProject
Global
	GlobalSection(SolutionConfigurationPlatforms) = preSolution
		Debug|Any CPU = Debug|Any CPU
		Release|Any CPU = Release|Any CPU
	EndGlobalSection
	GlobalSection(ProjectConfigurationPlatforms) = postSolution
		{6292939a-2923-3cd3-77f7-24b590e639f2}.Debug|Any CPU.ActiveCfg = Debug|Any CPU
		{6292939a-2923-3cd3-77f7-24b590e639f2}.Debug|Any CPU.Build.0 = Debug|Any CPU
		{6292939a-2923-3cd3-77f7-24b590e639f2}.Release|Any CPU.ActiveCfg = Release|Any CPU
		{6292939a-2923-3cd3-77f7-24b590e639f2}.Release|Any CPU.Build.0 = Release|Any CPU
		{a861596c-57e0-bde9-be80-1e97349c26cf}.Debug|Any CPU.ActiveCfg = Debug|Any CPU
		{a861596c-57e0-bde9-be80-1e97349c26cf}.Debug|Any CPU.Build.0 = Debug|Any CPU
		{a861596c-57e0-bde9-be80-1e97349c26cf}.Release|Any CPU.ActiveCfg = Release|Any CPU
		{a861596c-57e0-bde9-be80-1e97349c26cf}.Release|Any CPU.Build.0 = Release|Any CPU
		{f5a2b3ce-10f2-9dd6-f8ae-8e4338e48758}.Debug|Any CPU.ActiveCfg = Debug|Any CPU
		{f5a2b3ce-10f2-9dd6-f8ae-8e4338e48758}.Debug|Any CPU.Build.0 = Debug|Any CPU
		{f5a2b3ce-10f2-9dd6-f8ae-8e4338e48758}.Release|Any CPU.ActiveCfg = Release|Any CPU
		{f5a2b3ce-10f2-9dd6-f8ae-8e4338e48758}.Release|Any CPU.Build.0 = Release|Any CPU
		{7ccae933-caf0-d81e-f57c-e7d3718854a8}.Debug|Any CPU.ActiveCfg = Debug|Any CPU
		{7ccae933-caf0-d81e-f57c-e7d3718854a8}.Debug|Any CPU.Build.0 = Debug|Any CPU
		{7ccae933-caf0-d81e-f57c-e7d3718854a8}.Release|Any CPU.ActiveCfg = Release|Any CPU
		{7ccae933-caf0-d81e-f57c-e7d3718854a8}.Release|Any CPU.Build.0 = Release|Any CPU
		{4b78c292-bbca-03eb-4743-eb3081054b4c}.Debug|Any CPU.ActiveCfg = Debug|Any CPU
		{4b78c292-bbca-03eb-4743-eb3081054b4c}.Debug|Any CPU.Build.0 = Debug|Any CPU
		{4b78c292-bbca-03eb-4743-eb3081054b4c}.Release|Any CPU.ActiveCfg = Release|Any CPU
		{4b78c292-bbca-03eb-4743-eb3081054b4c}.Release|Any CPU.Build.0 = Release|Any CPU
		{5e932cfd-59a9-3a85-0e33-5a903235ae56}.Debug|Any CPU.ActiveCfg = Debug|Any CPU
		{5e932cfd-59a9-3a85-0e33-5a903235ae56}.Debug|Any CPU.Build.0 = Debug|Any CPU
		{5e932cfd-59a9-3a85-0e33-5a903235ae56}.Release|Any CPU.ActiveCfg = Release|Any CPU
		{5e932cfd-59a9-3a85-0e33-5a903235ae56}.Release|Any CPU.Build.0 = Release|Any CPU
	EndGlobalSection
	GlobalSection(SolutionProperties) = preSolution
		HideSolutionNode = FALSE
	EndGlobalSection
EndGlobal
